
Microsoft Visual Studio Solution File, Format Version 12.00
# Visual Studio Version 17
VisualStudioVersion = 17.9.34723.18
MinimumVisualStudioVersion = 10.0.40219.1
Project("{FAE04EC0-301F-11D3-BF4B-00C04F79EFBC}") = "pryVillagraSP1", "pryVillagraSP1\pryVillagraSP1.csproj", "{5619BB8B-AA45-4DD7-8EDD-DEF315D8B3A6}"
EndProject
Global
	GlobalSection(SolutionConfigurationPlatforms) = preSolution
		Debug|Any CPU = Debug|Any CPU
		Release|Any CPU = Release|Any CPU
	EndGlobalSection
	GlobalSection(ProjectConfigurationPlatforms) = postSolution
		{5619BB8B-AA45-4DD7-8EDD-DEF315D8B3A6}.Debug|Any CPU.ActiveCfg = Debug|Any CPU
		{5619BB8B-AA45-4DD7-8EDD-DEF315D8B3A6}.Debug|Any CPU.Build.0 = Debug|Any CPU
		{5619BB8B-AA45-4DD7-8EDD-DEF315D8B3A6}.Release|Any CPU.ActiveCfg = Release|Any CPU
		{5619BB8B-AA45-4DD7-8EDD-DEF315D8B3A6}.Release|Any CPU.Build.0 = Release|Any CPU
	EndGlobalSection
	GlobalSection(SolutionProperties) = preSolution
		HideSolutionNode = FALSE
	EndGlobalSection
	GlobalSection(ExtensibilityGlobals) = postSolution
		SolutionGuid = {D8305878-8A64-479B-A74C-62CBBCC271FE}
	EndGlobalSection
EndGlobal
